
Microsoft Visual Studio Solution File, Format Version 12.00
# Visual Studio Version 17
VisualStudioVersion = 17.9.34616.47
MinimumVisualStudioVersion = 10.0.40219.1
Project("{FAE04EC0-301F-11D3-BF4B-00C04F79EFBC}") = "Proba Lab", "Proba Lab.csproj", "{004BF57C-1612-4D56-A7DF-7DD7A9C3E1C3}"
EndProject
Global
	GlobalSection(SolutionConfigurationPlatforms) = preSolution
		Debug|Any CPU = Debug|Any CPU
		Release|Any CPU = Release|Any CPU
	EndGlobalSection
	GlobalSection(ProjectConfigurationPlatforms) = postSolution
		{004BF57C-1612-4D56-A7DF-7DD7A9C3E1C3}.Debug|Any CPU.ActiveCfg = Debug|Any CPU
		{004BF57C-1612-4D56-A7DF-7DD7A9C3E1C3}.Debug|Any CPU.Build.0 = Debug|Any CPU
		{004BF57C-1612-4D56-A7DF-7DD7A9C3E1C3}.Release|Any CPU.ActiveCfg = Release|Any CPU
		{004BF57C-1612-4D56-A7DF-7DD7A9C3E1C3}.Release|Any CPU.Build.0 = Release|Any CPU
	EndGlobalSection
	GlobalSection(SolutionProperties) = preSolution
		HideSolutionNode = FALSE
	EndGlobalSection
	GlobalSection(ExtensibilityGlobals) = postSolution
		SolutionGuid = {DB050609-F6FD-4230-8E10-16B848749D97}
	EndGlobalSection
EndGlobal
