
Microsoft Visual Studio Solution File, Format Version 12.00
# Visual Studio Version 17
VisualStudioVersion = 17.9.34728.123
MinimumVisualStudioVersion = 10.0.40219.1
Project("{FAE04EC0-301F-11D3-BF4B-00C04F79EFBC}") = "BazaDate", "BazaDate.csproj", "{083091B1-42E1-4536-B2CA-3FAAE5E4053A}"
EndProject
Global
	GlobalSection(SolutionConfigurationPlatforms) = preSolution
		Debug|Any CPU = Debug|Any CPU
		Release|Any CPU = Release|Any CPU
	EndGlobalSection
	GlobalSection(ProjectConfigurationPlatforms) = postSolution
		{083091B1-42E1-4536-B2CA-3FAAE5E4053A}.Debug|Any CPU.ActiveCfg = Debug|Any CPU
		{083091B1-42E1-4536-B2CA-3FAAE5E4053A}.Debug|Any CPU.Build.0 = Debug|Any CPU
		{083091B1-42E1-4536-B2CA-3FAAE5E4053A}.Release|Any CPU.ActiveCfg = Release|Any CPU
		{083091B1-42E1-4536-B2CA-3FAAE5E4053A}.Release|Any CPU.Build.0 = Release|Any CPU
	EndGlobalSection
	GlobalSection(SolutionProperties) = preSolution
		HideSolutionNode = FALSE
	EndGlobalSection
	GlobalSection(ExtensibilityGlobals) = postSolution
		SolutionGuid = {7421FE3D-A2C4-49F0-A152-079464F54B46}
	EndGlobalSection
EndGlobal
