
Microsoft Visual Studio Solution File, Format Version 12.00
# Visual Studio Version 17
VisualStudioVersion = 17.9.34616.47
MinimumVisualStudioVersion = 10.0.40219.1
Project("{FAE04EC0-301F-11D3-BF4B-00C04F79EFBC}") = "Quiz-Tema-II", "Quiz-Tema-II.csproj", "{94473803-292F-4610-A94D-4053E29AB214}"
EndProject
Global
	GlobalSection(SolutionConfigurationPlatforms) = preSolution
		Debug|Any CPU = Debug|Any CPU
		Release|Any CPU = Release|Any CPU
	EndGlobalSection
	GlobalSection(ProjectConfigurationPlatforms) = postSolution
		{94473803-292F-4610-A94D-4053E29AB214}.Debug|Any CPU.ActiveCfg = Debug|Any CPU
		{94473803-292F-4610-A94D-4053E29AB214}.Debug|Any CPU.Build.0 = Debug|Any CPU
		{94473803-292F-4610-A94D-4053E29AB214}.Release|Any CPU.ActiveCfg = Release|Any CPU
		{94473803-292F-4610-A94D-4053E29AB214}.Release|Any CPU.Build.0 = Release|Any CPU
	EndGlobalSection
	GlobalSection(SolutionProperties) = preSolution
		HideSolutionNode = FALSE
	EndGlobalSection
	GlobalSection(ExtensibilityGlobals) = postSolution
		SolutionGuid = {A69C1E2A-4519-476E-A47F-04BAF57FD01C}
	EndGlobalSection
EndGlobal
